
Microsoft Visual Studio Solution File, Format Version 12.00
# Visual Studio Version 17
VisualStudioVersion = 17.5.33530.505
MinimumVisualStudioVersion = 10.0.40219.1
Project("{FAE04EC0-301F-11D3-BF4B-00C04F79EFBC}") = "celsiustofahrenheit", "celsiustofahrenheit.csproj", "{C5871C3E-8FD5-4209-B14C-0B81C14F60BE}"
EndProject
Global
	GlobalSection(SolutionConfigurationPlatforms) = preSolution
		Debug|Any CPU = Debug|Any CPU
		Release|Any CPU = Release|Any CPU
	EndGlobalSection
	GlobalSection(ProjectConfigurationPlatforms) = postSolution
		{C5871C3E-8FD5-4209-B14C-0B81C14F60BE}.Debug|Any CPU.ActiveCfg = Debug|Any CPU
		{C5871C3E-8FD5-4209-B14C-0B81C14F60BE}.Debug|Any CPU.Build.0 = Debug|Any CPU
		{C5871C3E-8FD5-4209-B14C-0B81C14F60BE}.Release|Any CPU.ActiveCfg = Release|Any CPU
		{C5871C3E-8FD5-4209-B14C-0B81C14F60BE}.Release|Any CPU.Build.0 = Release|Any CPU
	EndGlobalSection
	GlobalSection(SolutionProperties) = preSolution
		HideSolutionNode = FALSE
	EndGlobalSection
	GlobalSection(ExtensibilityGlobals) = postSolution
		SolutionGuid = {F4FEC80C-4F3A-47FE-AB95-2B92F9BCE373}
	EndGlobalSection
EndGlobal
