
Microsoft Visual Studio Solution File, Format Version 12.00
# Visual Studio Version 17
VisualStudioVersion = 17.5.33530.505
MinimumVisualStudioVersion = 10.0.40219.1
Project("{FAE04EC0-301F-11D3-BF4B-00C04F79EFBC}") = "Perrimeter of rectangle", "Perrimeter of rectangle\Perrimeter of rectangle.csproj", "{70A2A73F-C1DC-4FDC-A5A6-F07EFE1A2AAB}"
EndProject
Global
	GlobalSection(SolutionConfigurationPlatforms) = preSolution
		Debug|Any CPU = Debug|Any CPU
		Release|Any CPU = Release|Any CPU
	EndGlobalSection
	GlobalSection(ProjectConfigurationPlatforms) = postSolution
		{70A2A73F-C1DC-4FDC-A5A6-F07EFE1A2AAB}.Debug|Any CPU.ActiveCfg = Debug|Any CPU
		{70A2A73F-C1DC-4FDC-A5A6-F07EFE1A2AAB}.Debug|Any CPU.Build.0 = Debug|Any CPU
		{70A2A73F-C1DC-4FDC-A5A6-F07EFE1A2AAB}.Release|Any CPU.ActiveCfg = Release|Any CPU
		{70A2A73F-C1DC-4FDC-A5A6-F07EFE1A2AAB}.Release|Any CPU.Build.0 = Release|Any CPU
	EndGlobalSection
	GlobalSection(SolutionProperties) = preSolution
		HideSolutionNode = FALSE
	EndGlobalSection
	GlobalSection(ExtensibilityGlobals) = postSolution
		SolutionGuid = {3E5B34C2-AB41-42F7-BE20-D9F171917FA1}
	EndGlobalSection
EndGlobal
