
Microsoft Visual Studio Solution File, Format Version 12.00
# Visual Studio Version 17
VisualStudioVersion = 17.5.33530.505
MinimumVisualStudioVersion = 10.0.40219.1
Project("{FAE04EC0-301F-11D3-BF4B-00C04F79EFBC}") = "Collectionsstack", "Collectionsstack.csproj", "{0BEE0181-AF56-4EAF-8EA4-E62C3BA36F4D}"
EndProject
Global
	GlobalSection(SolutionConfigurationPlatforms) = preSolution
		Debug|Any CPU = Debug|Any CPU
		Release|Any CPU = Release|Any CPU
	EndGlobalSection
	GlobalSection(ProjectConfigurationPlatforms) = postSolution
		{0BEE0181-AF56-4EAF-8EA4-E62C3BA36F4D}.Debug|Any CPU.ActiveCfg = Debug|Any CPU
		{0BEE0181-AF56-4EAF-8EA4-E62C3BA36F4D}.Debug|Any CPU.Build.0 = Debug|Any CPU
		{0BEE0181-AF56-4EAF-8EA4-E62C3BA36F4D}.Release|Any CPU.ActiveCfg = Release|Any CPU
		{0BEE0181-AF56-4EAF-8EA4-E62C3BA36F4D}.Release|Any CPU.Build.0 = Release|Any CPU
	EndGlobalSection
	GlobalSection(SolutionProperties) = preSolution
		HideSolutionNode = FALSE
	EndGlobalSection
	GlobalSection(ExtensibilityGlobals) = postSolution
		SolutionGuid = {ABFC5651-67B1-4A30-9F27-9B5426DAAFCB}
	EndGlobalSection
EndGlobal
